PODS:
  - AFNetworking (2.7.0):
    - AFNetworking/NSURLConnection (= 2.7.0)
    - AFNetworking/NSURLSession (= 2.7.0)
    - AFNetworking/Reachability (= 2.7.0)
    - AFNetworking/Security (= 2.7.0)
    - AFNetworking/Serialization (= 2.7.0)
    - AFNetworking/UIKit (= 2.7.0)
  - AFNetworking/NSURLConnection (2.7.0):
    - AFNetworking/Reachability
    - AFNetworking/Security
    - AFNetworking/Serialization
  - AFNetworking/NSURLSession (2.7.0):
    - AFNetworking/Reachability
    - AFNetworking/Security
    - AFNetworking/Serialization
  - AFNetworking/Reachability (2.7.0)
  - AFNetworking/Security (2.7.0)
  - AFNetworking/Serialization (2.7.0)
  - AFNetworking/UIKit (2.7.0):
    - AFNetworking/NSURLConnection
    - AFNetworking/NSURLSession
  - DemoPodd (0.1.0):
    - AFNetworking (~> 2.3)
  - ObjectiveSugar (1.1.0)

DEPENDENCIES:
  - DemoPodd
  - ObjectiveSugar

SPEC REPOS:
  trunk:
    - AFNetworking
    - DemoPodd
    - ObjectiveSugar

SPEC CHECKSUMS:
  AFNetworking: 8dd5f9b9691e09186393069a12cc3b5ed7c8b511
  DemoPodd: 743308e102950a8b80a2fe9119b43d34ddf4f3cb
  ObjectiveSugar: a6a25f23d657c19df0a0b972466d5b5ca9f5295c

PODFILE CHECKSUM: eda97b488cd27539b8e57b92c10df3a835525426

COCOAPODS: 1.11.3
