// !$*UTF8*$!
{
	archiveVersion = 1;
	classes = {
	};
	objectVersion = 55;
	objects = {

/* Begin PBXBuildFile section */
		53CF405A1FD4D637129E9584 /* Pods_DCM_VongQuay.framework in Frameworks */ = {isa = PBXBuildFile; fileRef = 84B0C69182A23765756C350E /* Pods_DCM_VongQuay.framework */; };
		A4308045286C8F3F005CC431 /* Fortune-wheel.png in Resources */ = {isa = PBXBuildFile; fileRef = A4308044286C8F3E005CC431 /* Fortune-wheel.png */; };
		A461363A286AA03D00BEF4BB /* AppDelegate.m in Sources */ = {isa = PBXBuildFile; fileRef = A4613639286AA03D00BEF4BB /* AppDelegate.m */; };
		A461363D286AA03D00BEF4BB /* SceneDelegate.m in Sources */ = {isa = PBXBuildFile; fileRef = A461363C286AA03D00BEF4BB /* SceneDelegate.m */; };
		A4613640286AA03D00BEF4BB /* ViewController.m in Sources */ = {isa = PBXBuildFile; fileRef = A461363F286AA03D00BEF4BB /* ViewController.m */; };
		A4613643286AA03D00BEF4BB /* Main.storyboard in Resources */ = {isa = PBXBuildFile; fileRef = A4613641286AA03D00BEF4BB /* Main.storyboard */; };
		A4613645286AA03F00BEF4BB /* Assets.xcassets in Resources */ = {isa = PBXBuildFile; fileRef = A4613644286AA03F00BEF4BB /* Assets.xcassets */; };
		A4613648286AA03F00BEF4BB /* LaunchScreen.storyboard in Resources */ = {isa = PBXBuildFile; fileRef = A4613646286AA03F00BEF4BB /* LaunchScreen.storyboard */; };
		A461364B286AA03F00BEF4BB /* main.m in Sources */ = {isa = PBXBuildFile; fileRef = A461364A286AA03F00BEF4BB /* main.m */; };
		A4613660286AD6C500BEF4BB /* VongQuay.m in Sources */ = {isa = PBXBuildFile; fileRef = A461365F286AD6C500BEF4BB /* VongQuay.m */; };
		A4613666286ADE3300BEF4BB /* PhanVongQuay.m in Sources */ = {isa = PBXBuildFile; fileRef = A4613665286ADE3300BEF4BB /* PhanVongQuay.m */; };
		A46416D6287BFDB000480C92 /* TrungGiaiView.m in Sources */ = {isa = PBXBuildFile; fileRef = A46416D5287BFDB000480C92 /* TrungGiaiView.m */; };
		A46416DB287C083200480C92 /* TrungGiaiCell.m in Sources */ = {isa = PBXBuildFile; fileRef = A46416D9287C083200480C92 /* TrungGiaiCell.m */; };
		A46416DC287C083200480C92 /* TrungGiaiCell.xib in Resources */ = {isa = PBXBuildFile; fileRef = A46416DA287C083200480C92 /* TrungGiaiCell.xib */; };
		A46416E5287C18E300480C92 /* TrungGiaiHeader.m in Sources */ = {isa = PBXBuildFile; fileRef = A46416E3287C18E300480C92 /* TrungGiaiHeader.m */; };
		A46416E6287C18E300480C92 /* TrungGiaiHeader.xib in Resources */ = {isa = PBXBuildFile; fileRef = A46416E4287C18E300480C92 /* TrungGiaiHeader.xib */; };
		A4645C45287D150C00069FA6 /* ThuongCell.m in Sources */ = {isa = PBXBuildFile; fileRef = A4645C43287D150C00069FA6 /* ThuongCell.m */; };
		A4645C46287D150C00069FA6 /* ThuongCell.xib in Resources */ = {isa = PBXBuildFile; fileRef = A4645C44287D150C00069FA6 /* ThuongCell.xib */; };
		A4645C49287D16D300069FA6 /* ThuongView.m in Sources */ = {isa = PBXBuildFile; fileRef = A4645C48287D16D300069FA6 /* ThuongView.m */; };
		A4645C4C287D19FF00069FA6 /* ThuongHeader.m in Sources */ = {isa = PBXBuildFile; fileRef = A4645C4B287D19FF00069FA6 /* ThuongHeader.m */; };
		A4645C4E287D1A3E00069FA6 /* ThuongHeader.xib in Resources */ = {isa = PBXBuildFile; fileRef = A4645C4D287D1A3E00069FA6 /* ThuongHeader.xib */; };
		A4666E7B286EC90A0081294E /* Segment.m in Sources */ = {isa = PBXBuildFile; fileRef = A4666E7A286EC90A0081294E /* Segment.m */; };
		A4666E7F286EF2C50081294E /* GiaiThuongModel.m in Sources */ = {isa = PBXBuildFile; fileRef = A4666E7E286EF2C50081294E /* GiaiThuongModel.m */; };
		A4666E82286EF3160081294E /* NguoiChoiTrungGiaiModel.m in Sources */ = {isa = PBXBuildFile; fileRef = A4666E81286EF3160081294E /* NguoiChoiTrungGiaiModel.m */; };
		A46D0E8928743490001170A8 /* Utility.m in Sources */ = {isa = PBXBuildFile; fileRef = A46D0E8828743490001170A8 /* Utility.m */; };
		A4751C9C2875737E00398B2E /* CoCauView.m in Sources */ = {isa = PBXBuildFile; fileRef = A4751C9B2875737E00398B2E /* CoCauView.m */; };
		A4751CA52875749400398B2E /* CoCauCell.m in Sources */ = {isa = PBXBuildFile; fileRef = A4751CA32875749400398B2E /* CoCauCell.m */; };
		A4751CA62875749400398B2E /* CoCauCell.xib in Resources */ = {isa = PBXBuildFile; fileRef = A4751CA42875749400398B2E /* CoCauCell.xib */; };
		A488C8D3286D465600C9FC0B /* VePhanVongQuay.m in Sources */ = {isa = PBXBuildFile; fileRef = A488C8D2286D465600C9FC0B /* VePhanVongQuay.m */; };
		A4FDB77728769A200050BA00 /* CoCauHeader.m in Sources */ = {isa = PBXBuildFile; fileRef = A4FDB77528769A200050BA00 /* CoCauHeader.m */; };
		A4FDB77828769A200050BA00 /* CoCauHeader.xib in Resources */ = {isa = PBXBuildFile; fileRef = A4FDB77628769A200050BA00 /* CoCauHeader.xib */; };
/* End PBXBuildFile section */

/* Begin PBXFileReference section */
		84B0C69182A23765756C350E /* Pods_DCM_VongQuay.framework */ = {isa = PBXFileReference; explicitFileType = wrapper.framework; includeInIndex = 0; path = Pods_DCM_VongQuay.framework; sourceTree = BUILT_PRODUCTS_DIR; };
		A13C8FB2E757C457AA660241 /* Pods-DCM-VongQuay.release.xcconfig */ = {isa = PBXFileReference; includeInIndex = 1; lastKnownFileType = text.xcconfig; name = "Pods-DCM-VongQuay.release.xcconfig"; path = "Target Support Files/Pods-DCM-VongQuay/Pods-DCM-VongQuay.release.xcconfig"; sourceTree = "<group>"; };
		A4308044286C8F3E005CC431 /* Fortune-wheel.png */ = {isa = PBXFileReference; lastKnownFileType = image.png; path = "Fortune-wheel.png"; sourceTree = "<group>"; };
		A4613635286AA03D00BEF4BB /* DCM-VongQuay.app */ = {isa = PBXFileReference; explicitFileType = wrapper.application; includeInIndex = 0; path = "DCM-VongQuay.app"; sourceTree = BUILT_PRODUCTS_DIR; };
		A4613638286AA03D00BEF4BB /* AppDelegate.h */ = {isa = PBXFileReference; lastKnownFileType = sourcecode.c.h; path = AppDelegate.h; sourceTree = "<group>"; };
		A4613639286AA03D00BEF4BB /* AppDelegate.m */ = {isa = PBXFileReference; lastKnownFileType = sourcecode.c.objc; path = AppDelegate.m; sourceTree = "<group>"; };
		A461363B286AA03D00BEF4BB /* SceneDelegate.h */ = {isa = PBXFileReference; lastKnownFileType = sourcecode.c.h; path = SceneDelegate.h; sourceTree = "<group>"; };
		A461363C286AA03D00BEF4BB /* SceneDelegate.m */ = {isa = PBXFileReference; lastKnownFileType = sourcecode.c.objc; path = SceneDelegate.m; sourceTree = "<group>"; };
		A461363E286AA03D00BEF4BB /* ViewController.h */ = {isa = PBXFileReference; lastKnownFileType = sourcecode.c.h; path = ViewController.h; sourceTree = "<group>"; };
		A461363F286AA03D00BEF4BB /* ViewController.m */ = {isa = PBXFileReference; lastKnownFileType = sourcecode.c.objc; path = ViewController.m; sourceTree = "<group>"; };
		A4613642286AA03D00BEF4BB /* Base */ = {isa = PBXFileReference; lastKnownFileType = file.storyboard; name = Base; path = Base.lproj/Main.storyboard; sourceTree = "<group>"; };
		A4613644286AA03F00BEF4BB /* Assets.xcassets */ = {isa = PBXFileReference; lastKnownFileType = folder.assetcatalog; path = Assets.xcassets; sourceTree = "<group>"; };
		A4613647286AA03F00BEF4BB /* Base */ = {isa = PBXFileReference; lastKnownFileType = file.storyboard; name = Base; path = Base.lproj/LaunchScreen.storyboard; sourceTree = "<group>"; };
		A4613649286AA03F00BEF4BB /* Info.plist */ = {isa = PBXFileReference; lastKnownFileType = text.plist.xml; path = Info.plist; sourceTree = "<group>"; };
		A461364A286AA03F00BEF4BB /* main.m */ = {isa = PBXFileReference; lastKnownFileType = sourcecode.c.objc; path = main.m; sourceTree = "<group>"; };
		A461365E286AD6C500BEF4BB /* VongQuay.h */ = {isa = PBXFileReference; lastKnownFileType = sourcecode.c.h; path = VongQuay.h; sourceTree = "<group>"; };
		A461365F286AD6C500BEF4BB /* VongQuay.m */ = {isa = PBXFileReference; lastKnownFileType = sourcecode.c.objc; path = VongQuay.m; sourceTree = "<group>"; };
		A4613662286AD78600BEF4BB /* QuartzCore.framework */ = {isa = PBXFileReference; lastKnownFileType = wrapper.framework; name = QuartzCore.framework; path = System/Library/Frameworks/QuartzCore.framework; sourceTree = SDKROOT; };
		A4613664286ADE3300BEF4BB /* PhanVongQuay.h */ = {isa = PBXFileReference; lastKnownFileType = sourcecode.c.h; path = PhanVongQuay.h; sourceTree = "<group>"; };
		A4613665286ADE3300BEF4BB /* PhanVongQuay.m */ = {isa = PBXFileReference; lastKnownFileType = sourcecode.c.objc; path = PhanVongQuay.m; sourceTree = "<group>"; };
		A46416D4287BFDB000480C92 /* TrungGiaiView.h */ = {isa = PBXFileReference; lastKnownFileType = sourcecode.c.h; path = TrungGiaiView.h; sourceTree = "<group>"; };
		A46416D5287BFDB000480C92 /* TrungGiaiView.m */ = {isa = PBXFileReference; lastKnownFileType = sourcecode.c.objc; path = TrungGiaiView.m; sourceTree = "<group>"; };
		A46416D8287C083200480C92 /* TrungGiaiCell.h */ = {isa = PBXFileReference; lastKnownFileType = sourcecode.c.h; path = TrungGiaiCell.h; sourceTree = "<group>"; };
		A46416D9287C083200480C92 /* TrungGiaiCell.m */ = {isa = PBXFileReference; lastKnownFileType = sourcecode.c.objc; path = TrungGiaiCell.m; sourceTree = "<group>"; };
		A46416DA287C083200480C92 /* TrungGiaiCell.xib */ = {isa = PBXFileReference; lastKnownFileType = file.xib; path = TrungGiaiCell.xib; sourceTree = "<group>"; };
		A46416E2287C18E300480C92 /* TrungGiaiHeader.h */ = {isa = PBXFileReference; lastKnownFileType = sourcecode.c.h; path = TrungGiaiHeader.h; sourceTree = "<group>"; };
		A46416E3287C18E300480C92 /* TrungGiaiHeader.m */ = {isa = PBXFileReference; lastKnownFileType = sourcecode.c.objc; path = TrungGiaiHeader.m; sourceTree = "<group>"; };
		A46416E4287C18E300480C92 /* TrungGiaiHeader.xib */ = {isa = PBXFileReference; lastKnownFileType = file.xib; path = TrungGiaiHeader.xib; sourceTree = "<group>"; };
		A4645C42287D150C00069FA6 /* ThuongCell.h */ = {isa = PBXFileReference; lastKnownFileType = sourcecode.c.h; path = ThuongCell.h; sourceTree = "<group>"; };
		A4645C43287D150C00069FA6 /* ThuongCell.m */ = {isa = PBXFileReference; lastKnownFileType = sourcecode.c.objc; path = ThuongCell.m; sourceTree = "<group>"; };
		A4645C44287D150C00069FA6 /* ThuongCell.xib */ = {isa = PBXFileReference; lastKnownFileType = file.xib; path = ThuongCell.xib; sourceTree = "<group>"; };
		A4645C47287D16D300069FA6 /* ThuongView.h */ = {isa = PBXFileReference; lastKnownFileType = sourcecode.c.h; path = ThuongView.h; sourceTree = "<group>"; };
		A4645C48287D16D300069FA6 /* ThuongView.m */ = {isa = PBXFileReference; lastKnownFileType = sourcecode.c.objc; path = ThuongView.m; sourceTree = "<group>"; };
		A4645C4A287D19FF00069FA6 /* ThuongHeader.h */ = {isa = PBXFileReference; lastKnownFileType = sourcecode.c.h; path = ThuongHeader.h; sourceTree = "<group>"; };
		A4645C4B287D19FF00069FA6 /* ThuongHeader.m */ = {isa = PBXFileReference; lastKnownFileType = sourcecode.c.objc; path = ThuongHeader.m; sourceTree = "<group>"; };
		A4645C4D287D1A3E00069FA6 /* ThuongHeader.xib */ = {isa = PBXFileReference; lastKnownFileType = file.xib; path = ThuongHeader.xib; sourceTree = "<group>"; };
		A4666E79286EC90A0081294E /* Segment.h */ = {isa = PBXFileReference; lastKnownFileType = sourcecode.c.h; path = Segment.h; sourceTree = "<group>"; };
		A4666E7A286EC90A0081294E /* Segment.m */ = {isa = PBXFileReference; lastKnownFileType = sourcecode.c.objc; path = Segment.m; sourceTree = "<group>"; };
		A4666E7D286EF2C50081294E /* GiaiThuongModel.h */ = {isa = PBXFileReference; lastKnownFileType = sourcecode.c.h; path = GiaiThuongModel.h; sourceTree = "<group>"; };
		A4666E7E286EF2C50081294E /* GiaiThuongModel.m */ = {isa = PBXFileReference; lastKnownFileType = sourcecode.c.objc; path = GiaiThuongModel.m; sourceTree = "<group>"; };
		A4666E80286EF3160081294E /* NguoiChoiTrungGiaiModel.h */ = {isa = PBXFileReference; lastKnownFileType = sourcecode.c.h; path = NguoiChoiTrungGiaiModel.h; sourceTree = "<group>"; };
		A4666E81286EF3160081294E /* NguoiChoiTrungGiaiModel.m */ = {isa = PBXFileReference; lastKnownFileType = sourcecode.c.objc; path = NguoiChoiTrungGiaiModel.m; sourceTree = "<group>"; };
		A4666E86286EFE5E0081294E /* Note.md */ = {isa = PBXFileReference; lastKnownFileType = net.daringfireball.markdown; path = Note.md; sourceTree = "<group>"; };
		A46D0E8728743490001170A8 /* Utility.h */ = {isa = PBXFileReference; lastKnownFileType = sourcecode.c.h; path = Utility.h; sourceTree = "<group>"; };
		A46D0E8828743490001170A8 /* Utility.m */ = {isa = PBXFileReference; lastKnownFileType = sourcecode.c.objc; path = Utility.m; sourceTree = "<group>"; };
		A4751C9A2875737E00398B2E /* CoCauView.h */ = {isa = PBXFileReference; lastKnownFileType = sourcecode.c.h; path = CoCauView.h; sourceTree = "<group>"; };
		A4751C9B2875737E00398B2E /* CoCauView.m */ = {isa = PBXFileReference; lastKnownFileType = sourcecode.c.objc; path = CoCauView.m; sourceTree = "<group>"; };
		A4751CA22875749400398B2E /* CoCauCell.h */ = {isa = PBXFileReference; lastKnownFileType = sourcecode.c.h; path = CoCauCell.h; sourceTree = "<group>"; };
		A4751CA32875749400398B2E /* CoCauCell.m */ = {isa = PBXFileReference; lastKnownFileType = sourcecode.c.objc; path = CoCauCell.m; sourceTree = "<group>"; };
		A4751CA42875749400398B2E /* CoCauCell.xib */ = {isa = PBXFileReference; lastKnownFileType = file.xib; path = CoCauCell.xib; sourceTree = "<group>"; };
		A488C8D1286D465600C9FC0B /* VePhanVongQuay.h */ = {isa = PBXFileReference; lastKnownFileType = sourcecode.c.h; path = VePhanVongQuay.h; sourceTree = "<group>"; };
		A488C8D2286D465600C9FC0B /* VePhanVongQuay.m */ = {isa = PBXFileReference; lastKnownFileType = sourcecode.c.objc; path = VePhanVongQuay.m; sourceTree = "<group>"; };
		A4FDB77428769A200050BA00 /* CoCauHeader.h */ = {isa = PBXFileReference; lastKnownFileType = sourcecode.c.h; path = CoCauHeader.h; sourceTree = "<group>"; };
		A4FDB77528769A200050BA00 /* CoCauHeader.m */ = {isa = PBXFileReference; lastKnownFileType = sourcecode.c.objc; path = CoCauHeader.m; sourceTree = "<group>"; };
		A4FDB77628769A200050BA00 /* CoCauHeader.xib */ = {isa = PBXFileReference; lastKnownFileType = file.xib; path = CoCauHeader.xib; sourceTree = "<group>"; };
		B1A908DCF3715E3BA3B3FFAD /* Pods-DCM-VongQuay.debug.xcconfig */ = {isa = PBXFileReference; includeInIndex = 1; lastKnownFileType = text.xcconfig; name = "Pods-DCM-VongQuay.debug.xcconfig"; path = "Target Support Files/Pods-DCM-VongQuay/Pods-DCM-VongQuay.debug.xcconfig"; sourceTree = "<group>"; };
/* End PBXFileReference section */

/* Begin PBXFrameworksBuildPhase section */
		A4613632286AA03D00BEF4BB /* Frameworks */ = {
			isa = PBXFrameworksBuildPhase;
			buildActionMask = 2147483647;
			files = (
				53CF405A1FD4D637129E9584 /* Pods_DCM_VongQuay.framework in Frameworks */,
			);
			runOnlyForDeploymentPostprocessing = 0;
		};
/* End PBXFrameworksBuildPhase section */

/* Begin PBXGroup section */
		74BACC272131C0876060869D /* Pods */ = {
			isa = PBXGroup;
			children = (
				B1A908DCF3715E3BA3B3FFAD /* Pods-DCM-VongQuay.debug.xcconfig */,
				A13C8FB2E757C457AA660241 /* Pods-DCM-VongQuay.release.xcconfig */,
			);
			path = Pods;
			sourceTree = "<group>";
		};
		A4156F6A287D372F003F62C3 /* Resource */ = {
			isa = PBXGroup;
			children = (
				A4666E86286EFE5E0081294E /* Note.md */,
				A46D0E8728743490001170A8 /* Utility.h */,
				A46D0E8828743490001170A8 /* Utility.m */,
				A4308044286C8F3E005CC431 /* Fortune-wheel.png */,
			);
			path = Resource;
			sourceTree = "<group>";
		};
		A461362C286AA03D00BEF4BB = {
			isa = PBXGroup;
			children = (
				A4613637286AA03D00BEF4BB /* DCM-VongQuay */,
				A4613636286AA03D00BEF4BB /* Products */,
				74BACC272131C0876060869D /* Pods */,
			);
			sourceTree = "<group>";
		};
		A4613636286AA03D00BEF4BB /* Products */ = {
			isa = PBXGroup;
			children = (
				A4613635286AA03D00BEF4BB /* DCM-VongQuay.app */,
			);
			name = Products;
			sourceTree = "<group>";
		};
		A4613637286AA03D00BEF4BB /* DCM-VongQuay */ = {
			isa = PBXGroup;
			children = (
				A4613661286AD78500BEF4BB /* Frameworks */,
				A4156F6A287D372F003F62C3 /* Resource */,
				A4645C41287D14FB00069FA6 /* ThuongTable */,
				A46416D7287C080400480C92 /* TrungGiaiTable */,
				A4FDB7792876D7180050BA00 /* CoCauTable */,
				A4751CA92875916600398B2E /* Views */,
				A4666E7C286EF2AF0081294E /* Models */,
				A4613638286AA03D00BEF4BB /* AppDelegate.h */,
				A4613639286AA03D00BEF4BB /* AppDelegate.m */,
				A461363B286AA03D00BEF4BB /* SceneDelegate.h */,
				A461363C286AA03D00BEF4BB /* SceneDelegate.m */,
				A461363E286AA03D00BEF4BB /* ViewController.h */,
				A461363F286AA03D00BEF4BB /* ViewController.m */,
				A4613644286AA03F00BEF4BB /* Assets.xcassets */,
				A4613646286AA03F00BEF4BB /* LaunchScreen.storyboard */,
				A4613641286AA03D00BEF4BB /* Main.storyboard */,
				A4613649286AA03F00BEF4BB /* Info.plist */,
				A461364A286AA03F00BEF4BB /* main.m */,
			);
			path = "DCM-VongQuay";
			sourceTree = "<group>";
		};
		A4613661286AD78500BEF4BB /* Frameworks */ = {
			isa = PBXGroup;
			children = (
				A4613662286AD78600BEF4BB /* QuartzCore.framework */,
				84B0C69182A23765756C350E /* Pods_DCM_VongQuay.framework */,
			);
			name = Frameworks;
			path = ..;
			sourceTree = "<group>";
		};
		A46416D7287C080400480C92 /* TrungGiaiTable */ = {
			isa = PBXGroup;
			children = (
				A46416D4287BFDB000480C92 /* TrungGiaiView.h */,
				A46416D8287C083200480C92 /* TrungGiaiCell.h */,
				A46416D9287C083200480C92 /* TrungGiaiCell.m */,
				A46416DA287C083200480C92 /* TrungGiaiCell.xib */,
				A46416D5287BFDB000480C92 /* TrungGiaiView.m */,
				A46416E2287C18E300480C92 /* TrungGiaiHeader.h */,
				A46416E3287C18E300480C92 /* TrungGiaiHeader.m */,
				A46416E4287C18E300480C92 /* TrungGiaiHeader.xib */,
			);
			path = TrungGiaiTable;
			sourceTree = "<group>";
		};
		A4645C41287D14FB00069FA6 /* ThuongTable */ = {
			isa = PBXGroup;
			children = (
				A4645C42287D150C00069FA6 /* ThuongCell.h */,
				A4645C47287D16D300069FA6 /* ThuongView.h */,
				A4645C48287D16D300069FA6 /* ThuongView.m */,
				A4645C43287D150C00069FA6 /* ThuongCell.m */,
				A4645C4A287D19FF00069FA6 /* ThuongHeader.h */,
				A4645C4D287D1A3E00069FA6 /* ThuongHeader.xib */,
				A4645C4B287D19FF00069FA6 /* ThuongHeader.m */,
				A4645C44287D150C00069FA6 /* ThuongCell.xib */,
			);
			path = ThuongTable;
			sourceTree = "<group>";
		};
		A4666E7C286EF2AF0081294E /* Models */ = {
			isa = PBXGroup;
			children = (
				A4613664286ADE3300BEF4BB /* PhanVongQuay.h */,
				A4613665286ADE3300BEF4BB /* PhanVongQuay.m */,
				A4666E79286EC90A0081294E /* Segment.h */,
				A4666E7A286EC90A0081294E /* Segment.m */,
				A4666E7D286EF2C50081294E /* GiaiThuongModel.h */,
				A4666E7E286EF2C50081294E /* GiaiThuongModel.m */,
				A4666E80286EF3160081294E /* NguoiChoiTrungGiaiModel.h */,
				A4666E81286EF3160081294E /* NguoiChoiTrungGiaiModel.m */,
			);
			path = Models;
			sourceTree = "<group>";
		};
		A4751CA92875916600398B2E /* Views */ = {
			isa = PBXGroup;
			children = (
				A4751CAA2875917000398B2E /* VongQuay */,
			);
			path = Views;
			sourceTree = "<group>";
		};
		A4751CAA2875917000398B2E /* VongQuay */ = {
			isa = PBXGroup;
			children = (
				A461365E286AD6C500BEF4BB /* VongQuay.h */,
				A461365F286AD6C500BEF4BB /* VongQuay.m */,
				A488C8D1286D465600C9FC0B /* VePhanVongQuay.h */,
				A488C8D2286D465600C9FC0B /* VePhanVongQuay.m */,
			);
			path = VongQuay;
			sourceTree = "<group>";
		};
		A4FDB7792876D7180050BA00 /* CoCauTable */ = {
			isa = PBXGroup;
			children = (
				A4751C9A2875737E00398B2E /* CoCauView.h */,
				A4751C9B2875737E00398B2E /* CoCauView.m */,
				A4FDB77428769A200050BA00 /* CoCauHeader.h */,
				A4FDB77528769A200050BA00 /* CoCauHeader.m */,
				A4FDB77628769A200050BA00 /* CoCauHeader.xib */,
				A4751CA22875749400398B2E /* CoCauCell.h */,
				A4751CA32875749400398B2E /* CoCauCell.m */,
				A4751CA42875749400398B2E /* CoCauCell.xib */,
			);
			path = CoCauTable;
			sourceTree = "<group>";
		};
/* End PBXGroup section */

/* Begin PBXNativeTarget section */
		A4613634286AA03D00BEF4BB /* DCM-VongQuay */ = {
			isa = PBXNativeTarget;
			buildConfigurationList = A461364E286AA03F00BEF4BB /* Build configuration list for PBXNativeTarget "DCM-VongQuay" */;
			buildPhases = (
				417918D0513B120A41513B91 /* [CP] Check Pods Manifest.lock */,
				A4613631286AA03D00BEF4BB /* Sources */,
				A4613632286AA03D00BEF4BB /* Frameworks */,
				A4613633286AA03D00BEF4BB /* Resources */,
				A7C40222476886D292BC1E76 /* [CP] Embed Pods Frameworks */,
			);
			buildRules = (
			);
			dependencies = (
			);
			name = "DCM-VongQuay";
			productName = "DCM-VongQuay";
			productReference = A4613635286AA03D00BEF4BB /* DCM-VongQuay.app */;
			productType = "com.apple.product-type.application";
		};
/* End PBXNativeTarget section */

/* Begin PBXProject section */
		A461362D286AA03D00BEF4BB /* Project object */ = {
			isa = PBXProject;
			attributes = {
				BuildIndependentTargetsInParallel = 1;
				LastUpgradeCheck = 1340;
				TargetAttributes = {
					A4613634286AA03D00BEF4BB = {
						CreatedOnToolsVersion = 13.4.1;
					};
				};
			};
			buildConfigurationList = A4613630286AA03D00BEF4BB /* Build configuration list for PBXProject "DCM-VongQuay" */;
			compatibilityVersion = "Xcode 13.0";
			developmentRegion = en;
			hasScannedForEncodings = 0;
			knownRegions = (
				en,
				Base,
			);
			mainGroup = A461362C286AA03D00BEF4BB;
			productRefGroup = A4613636286AA03D00BEF4BB /* Products */;
			projectDirPath = "";
			projectRoot = "";
			targets = (
				A4613634286AA03D00BEF4BB /* DCM-VongQuay */,
			);
		};
/* End PBXProject section */

/* Begin PBXResourcesBuildPhase section */
		A4613633286AA03D00BEF4BB /* Resources */ = {
			isa = PBXResourcesBuildPhase;
			buildActionMask = 2147483647;
			files = (
				A4613648286AA03F00BEF4BB /* LaunchScreen.storyboard in Resources */,
				A4645C46287D150C00069FA6 /* ThuongCell.xib in Resources */,
				A4308045286C8F3F005CC431 /* Fortune-wheel.png in Resources */,
				A46416DC287C083200480C92 /* TrungGiaiCell.xib in Resources */,
				A4613645286AA03F00BEF4BB /* Assets.xcassets in Resources */,
				A4751CA62875749400398B2E /* CoCauCell.xib in Resources */,
				A4613643286AA03D00BEF4BB /* Main.storyboard in Resources */,
				A4FDB77828769A200050BA00 /* CoCauHeader.xib in Resources */,
				A46416E6287C18E300480C92 /* TrungGiaiHeader.xib in Resources */,
				A4645C4E287D1A3E00069FA6 /* ThuongHeader.xib in Resources */,
			);
			runOnlyForDeploymentPostprocessing = 0;
		};
/* End PBXResourcesBuildPhase section */

/* Begin PBXShellScriptBuildPhase section */
		417918D0513B120A41513B91 /* [CP] Check Pods Manifest.lock */ = {
			isa = PBXShellScriptBuildPhase;
			buildActionMask = 2147483647;
			files = (
			);
			inputFileListPaths = (
			);
			inputPaths = (
				"${PODS_PODFILE_DIR_PATH}/Podfile.lock",
				"${PODS_ROOT}/Manifest.lock",
			);
			name = "[CP] Check Pods Manifest.lock";
			outputFileListPaths = (
			);
			outputPaths = (
				"$(DERIVED_FILE_DIR)/Pods-DCM-VongQuay-checkManifestLockResult.txt",
			);
			runOnlyForDeploymentPostprocessing = 0;
			shellPath = /bin/sh;
			shellScript = "diff \"${PODS_PODFILE_DIR_PATH}/Podfile.lock\" \"${PODS_ROOT}/Manifest.lock\" > /dev/null\nif [ $? != 0 ] ; then\n    # print error to STDERR\n    echo \"error: The sandbox is not in sync with the Podfile.lock. Run 'pod install' or update your CocoaPods installation.\" >&2\n    exit 1\nfi\n# This output is used by Xcode 'outputs' to avoid re-running this script phase.\necho \"SUCCESS\" > \"${SCRIPT_OUTPUT_FILE_0}\"\n";
			showEnvVarsInLog = 0;
		};
		A7C40222476886D292BC1E76 /* [CP] Embed Pods Frameworks */ = {
			isa = PBXShellScriptBuildPhase;
			buildActionMask = 2147483647;
			files = (
			);
			inputFileListPaths = (
				"${PODS_ROOT}/Target Support Files/Pods-DCM-VongQuay/Pods-DCM-VongQuay-frameworks-${CONFIGURATION}-input-files.xcfilelist",
			);
			name = "[CP] Embed Pods Frameworks";
			outputFileListPaths = (
				"${PODS_ROOT}/Target Support Files/Pods-DCM-VongQuay/Pods-DCM-VongQuay-frameworks-${CONFIGURATION}-output-files.xcfilelist",
			);
			runOnlyForDeploymentPostprocessing = 0;
			shellPath = /bin/sh;
			shellScript = "\"${PODS_ROOT}/Target Support Files/Pods-DCM-VongQuay/Pods-DCM-VongQuay-frameworks.sh\"\n";
			showEnvVarsInLog = 0;
		};
/* End PBXShellScriptBuildPhase section */

/* Begin PBXSourcesBuildPhase section */
		A4613631286AA03D00BEF4BB /* Sources */ = {
			isa = PBXSourcesBuildPhase;
			buildActionMask = 2147483647;
			files = (
				A4613660286AD6C500BEF4BB /* VongQuay.m in Sources */,
				A4666E7F286EF2C50081294E /* GiaiThuongModel.m in Sources */,
				A4751CA52875749400398B2E /* CoCauCell.m in Sources */,
				A4613640286AA03D00BEF4BB /* ViewController.m in Sources */,
				A4613666286ADE3300BEF4BB /* PhanVongQuay.m in Sources */,
				A46416E5287C18E300480C92 /* TrungGiaiHeader.m in Sources */,
				A4645C49287D16D300069FA6 /* ThuongView.m in Sources */,
				A4645C4C287D19FF00069FA6 /* ThuongHeader.m in Sources */,
				A4751C9C2875737E00398B2E /* CoCauView.m in Sources */,
				A4666E7B286EC90A0081294E /* Segment.m in Sources */,
				A461363A286AA03D00BEF4BB /* AppDelegate.m in Sources */,
				A4666E82286EF3160081294E /* NguoiChoiTrungGiaiModel.m in Sources */,
				A46D0E8928743490001170A8 /* Utility.m in Sources */,
				A4FDB77728769A200050BA00 /* CoCauHeader.m in Sources */,
				A4645C45287D150C00069FA6 /* ThuongCell.m in Sources */,
				A461364B286AA03F00BEF4BB /* main.m in Sources */,
				A461363D286AA03D00BEF4BB /* SceneDelegate.m in Sources */,
				A46416DB287C083200480C92 /* TrungGiaiCell.m in Sources */,
				A488C8D3286D465600C9FC0B /* VePhanVongQuay.m in Sources */,
				A46416D6287BFDB000480C92 /* TrungGiaiView.m in Sources */,
			);
			runOnlyForDeploymentPostprocessing = 0;
		};
/* End PBXSourcesBuildPhase section */

/* Begin PBXVariantGroup section */
		A4613641286AA03D00BEF4BB /* Main.storyboard */ = {
			isa = PBXVariantGroup;
			children = (
				A4613642286AA03D00BEF4BB /* Base */,
			);
			name = Main.storyboard;
			sourceTree = "<group>";
		};
		A4613646286AA03F00BEF4BB /* LaunchScreen.storyboard */ = {
			isa = PBXVariantGroup;
			children = (
				A4613647286AA03F00BEF4BB /* Base */,
			);
			name = LaunchScreen.storyboard;
			sourceTree = "<group>";
		};
/* End PBXVariantGroup section */

/* Begin XCBuildConfiguration section */
		A461364C286AA03F00BEF4BB /* Debug */ = {
			isa = XCBuildConfiguration;
			buildSettings = {
				ALWAYS_SEARCH_USER_PATHS = NO;
				CLANG_ANALYZER_NONNULL = YES;
				CLANG_ANALYZER_NUMBER_OBJECT_CONVERSION = YES_AGGRESSIVE;
				CLANG_CXX_LANGUAGE_STANDARD = "gnu++17";
				CLANG_ENABLE_MODULES = YES;
				CLANG_ENABLE_OBJC_ARC = YES;
				CLANG_ENABLE_OBJC_WEAK = YES;
				CLANG_WARN_BLOCK_CAPTURE_AUTORELEASING = YES;
				CLANG_WARN_BOOL_CONVERSION = YES;
				CLANG_WARN_COMMA = YES;
				CLANG_WARN_CONSTANT_CONVERSION = YES;
				CLANG_WARN_DEPRECATED_OBJC_IMPLEMENTATIONS = YES;
				CLANG_WARN_DIRECT_OBJC_ISA_USAGE = YES_ERROR;
				CLANG_WARN_DOCUMENTATION_COMMENTS = YES;
				CLANG_WARN_EMPTY_BODY = YES;
				CLANG_WARN_ENUM_CONVERSION = YES;
				CLANG_WARN_INFINITE_RECURSION = YES;
				CLANG_WARN_INT_CONVERSION = YES;
				CLANG_WARN_NON_LITERAL_NULL_CONVERSION = YES;
				CLANG_WARN_OBJC_IMPLICIT_RETAIN_SELF = YES;
				CLANG_WARN_OBJC_LITERAL_CONVERSION = YES;
				CLANG_WARN_OBJC_ROOT_CLASS = YES_ERROR;
				CLANG_WARN_QUOTED_INCLUDE_IN_FRAMEWORK_HEADER = YES;
				CLANG_WARN_RANGE_LOOP_ANALYSIS = YES;
				CLANG_WARN_STRICT_PROTOTYPES = YES;
				CLANG_WARN_SUSPICIOUS_MOVE = YES;
				CLANG_WARN_UNGUARDED_AVAILABILITY = YES_AGGRESSIVE;
				CLANG_WARN_UNREACHABLE_CODE = YES;
				CLANG_WARN__DUPLICATE_METHOD_MATCH = YES;
				COPY_PHASE_STRIP = NO;
				DEBUG_INFORMATION_FORMAT = dwarf;
				ENABLE_STRICT_OBJC_MSGSEND = YES;
				ENABLE_TESTABILITY = YES;
				GCC_C_LANGUAGE_STANDARD = gnu11;
				GCC_DYNAMIC_NO_PIC = NO;
				GCC_NO_COMMON_BLOCKS = YES;
				GCC_OPTIMIZATION_LEVEL = 0;
				GCC_PREPROCESSOR_DEFINITIONS = (
					"DEBUG=1",
					"$(inherited)",
				);
				GCC_WARN_64_TO_32_BIT_CONVERSION = YES;
				GCC_WARN_ABOUT_RETURN_TYPE = YES_ERROR;
				GCC_WARN_UNDECLARED_SELECTOR = YES;
				GCC_WARN_UNINITIALIZED_AUTOS = YES_AGGRESSIVE;
				GCC_WARN_UNUSED_FUNCTION = YES;
				GCC_WARN_UNUSED_VARIABLE = YES;
				IPHONEOS_DEPLOYMENT_TARGET = 15.5;
				MTL_ENABLE_DEBUG_INFO = INCLUDE_SOURCE;
				MTL_FAST_MATH = YES;
				ONLY_ACTIVE_ARCH = YES;
				SDKROOT = iphoneos;
			};
			name = Debug;
		};
		A461364D286AA03F00BEF4BB /* Release */ = {
			isa = XCBuildConfiguration;
			buildSettings = {
				ALWAYS_SEARCH_USER_PATHS = NO;
				CLANG_ANALYZER_NONNULL = YES;
				CLANG_ANALYZER_NUMBER_OBJECT_CONVERSION = YES_AGGRESSIVE;
				CLANG_CXX_LANGUAGE_STANDARD = "gnu++17";
				CLANG_ENABLE_MODULES = YES;
				CLANG_ENABLE_OBJC_ARC = YES;
				CLANG_ENABLE_OBJC_WEAK = YES;
				CLANG_WARN_BLOCK_CAPTURE_AUTORELEASING = YES;
				CLANG_WARN_BOOL_CONVERSION = YES;
				CLANG_WARN_COMMA = YES;
				CLANG_WARN_CONSTANT_CONVERSION = YES;
				CLANG_WARN_DEPRECATED_OBJC_IMPLEMENTATIONS = YES;
				CLANG_WARN_DIRECT_OBJC_ISA_USAGE = YES_ERROR;
				CLANG_WARN_DOCUMENTATION_COMMENTS = YES;
				CLANG_WARN_EMPTY_BODY = YES;
				CLANG_WARN_ENUM_CONVERSION = YES;
				CLANG_WARN_INFINITE_RECURSION = YES;
				CLANG_WARN_INT_CONVERSION = YES;
				CLANG_WARN_NON_LITERAL_NULL_CONVERSION = YES;
				CLANG_WARN_OBJC_IMPLICIT_RETAIN_SELF = YES;
				CLANG_WARN_OBJC_LITERAL_CONVERSION = YES;
				CLANG_WARN_OBJC_ROOT_CLASS = YES_ERROR;
				CLANG_WARN_QUOTED_INCLUDE_IN_FRAMEWORK_HEADER = YES;
				CLANG_WARN_RANGE_LOOP_ANALYSIS = YES;
				CLANG_WARN_STRICT_PROTOTYPES = YES;
				CLANG_WARN_SUSPICIOUS_MOVE = YES;
				CLANG_WARN_UNGUARDED_AVAILABILITY = YES_AGGRESSIVE;
				CLANG_WARN_UNREACHABLE_CODE = YES;
				CLANG_WARN__DUPLICATE_METHOD_MATCH = YES;
				COPY_PHASE_STRIP = NO;
				DEBUG_INFORMATION_FORMAT = "dwarf-with-dsym";
				ENABLE_NS_ASSERTIONS = NO;
				ENABLE_STRICT_OBJC_MSGSEND = YES;
				GCC_C_LANGUAGE_STANDARD = gnu11;
				GCC_NO_COMMON_BLOCKS = YES;
				GCC_WARN_64_TO_32_BIT_CONVERSION = YES;
				GCC_WARN_ABOUT_RETURN_TYPE = YES_ERROR;
				GCC_WARN_UNDECLARED_SELECTOR = YES;
				GCC_WARN_UNINITIALIZED_AUTOS = YES_AGGRESSIVE;
				GCC_WARN_UNUSED_FUNCTION = YES;
				GCC_WARN_UNUSED_VARIABLE = YES;
				IPHONEOS_DEPLOYMENT_TARGET = 15.5;
				MTL_ENABLE_DEBUG_INFO = NO;
				MTL_FAST_MATH = YES;
				SDKROOT = iphoneos;
				VALIDATE_PRODUCT = YES;
			};
			name = Release;
		};
		A461364F286AA03F00BEF4BB /* Debug */ = {
			isa = XCBuildConfiguration;
			baseConfigurationReference = B1A908DCF3715E3BA3B3FFAD /* Pods-DCM-VongQuay.debug.xcconfig */;
			buildSettings = {
				ASSETCATALOG_COMPILER_APPICON_NAME = AppIcon;
				ASSETCATALOG_COMPILER_GLOBAL_ACCENT_COLOR_NAME = AccentColor;
				CODE_SIGN_STYLE = Automatic;
				CURRENT_PROJECT_VERSION = 1;
				DEVELOPMENT_TEAM = YCQ2KCMFJZ;
				GENERATE_INFOPLIST_FILE = YES;
				INFOPLIST_FILE = "DCM-VongQuay/Info.plist";
				INFOPLIST_KEY_UIApplicationSupportsIndirectInputEvents = YES;
				INFOPLIST_KEY_UILaunchStoryboardName = LaunchScreen;
				INFOPLIST_KEY_UIMainStoryboardFile = Main;
				INFOPLIST_KEY_UISupportedInterfaceOrientations_iPad = "UIInterfaceOrientationPortrait UIInterfaceOrientationPortraitUpsideDown UIInterfaceOrientationLandscapeLeft UIInterfaceOrientationLandscapeRight";
				INFOPLIST_KEY_UISupportedInterfaceOrientations_iPhone = "UIInterfaceOrientationPortrait UIInterfaceOrientationLandscapeLeft UIInterfaceOrientationLandscapeRight";
				IPHONEOS_DEPLOYMENT_TARGET = 10.0;
				LD_RUNPATH_SEARCH_PATHS = (
					"$(inherited)",
					"@executable_path/Frameworks",
				);
				MARKETING_VERSION = 1.0;
				PRODUCT_BUNDLE_IDENTIFIER = "tuanlm.DCM-VongQuay";
				PRODUCT_NAME = "$(TARGET_NAME)";
				SWIFT_EMIT_LOC_STRINGS = YES;
				TARGETED_DEVICE_FAMILY = "1,2";
			};
			name = Debug;
		};
		A4613650286AA03F00BEF4BB /* Release */ = {
			isa = XCBuildConfiguration;
			baseConfigurationReference = A13C8FB2E757C457AA660241 /* Pods-DCM-VongQuay.release.xcconfig */;
			buildSettings = {
				ASSETCATALOG_COMPILER_APPICON_NAME = AppIcon;
				ASSETCATALOG_COMPILER_GLOBAL_ACCENT_COLOR_NAME = AccentColor;
				CODE_SIGN_STYLE = Automatic;
				CURRENT_PROJECT_VERSION = 1;
				DEVELOPMENT_TEAM = YCQ2KCMFJZ;
				GENERATE_INFOPLIST_FILE = YES;
				INFOPLIST_FILE = "DCM-VongQuay/Info.plist";
				INFOPLIST_KEY_UIApplicationSupportsIndirectInputEvents = YES;
				INFOPLIST_KEY_UILaunchStoryboardName = LaunchScreen;
				INFOPLIST_KEY_UIMainStoryboardFile = Main;
				INFOPLIST_KEY_UISupportedInterfaceOrientations_iPad = "UIInterfaceOrientationPortrait UIInterfaceOrientationPortraitUpsideDown UIInterfaceOrientationLandscapeLeft UIInterfaceOrientationLandscapeRight";
				INFOPLIST_KEY_UISupportedInterfaceOrientations_iPhone = "UIInterfaceOrientationPortrait UIInterfaceOrientationLandscapeLeft UIInterfaceOrientationLandscapeRight";
				IPHONEOS_DEPLOYMENT_TARGET = 10.0;
				LD_RUNPATH_SEARCH_PATHS = (
					"$(inherited)",
					"@executable_path/Frameworks",
				);
				MARKETING_VERSION = 1.0;
				PRODUCT_BUNDLE_IDENTIFIER = "tuanlm.DCM-VongQuay";
				PRODUCT_NAME = "$(TARGET_NAME)";
				SWIFT_EMIT_LOC_STRINGS = YES;
				TARGETED_DEVICE_FAMILY = "1,2";
			};
			name = Release;
		};
/* End XCBuildConfiguration section */

/* Begin XCConfigurationList section */
		A4613630286AA03D00BEF4BB /* Build configuration list for PBXProject "DCM-VongQuay" */ = {
			isa = XCConfigurationList;
			buildConfigurations = (
				A461364C286AA03F00BEF4BB /* Debug */,
				A461364D286AA03F00BEF4BB /* Release */,
			);
			defaultConfigurationIsVisible = 0;
			defaultConfigurationName = Release;
		};
		A461364E286AA03F00BEF4BB /* Build configuration list for PBXNativeTarget "DCM-VongQuay" */ = {
			isa = XCConfigurationList;
			buildConfigurations = (
				A461364F286AA03F00BEF4BB /* Debug */,
				A4613650286AA03F00BEF4BB /* Release */,
			);
			defaultConfigurationIsVisible = 0;
			defaultConfigurationName = Release;
		};
/* End XCConfigurationList section */
	};
	rootObject = A461362D286AA03D00BEF4BB /* Project object */;
}
